// !$*UTF8*$!
{
	archiveVersion = 1;
	classes = {
	};
	objectVersion = 46;
	objects = {

/* Begin PBXBuildFile section */
		86E703981D50DCC00012E3CB /* AppDelegate.swift in Sources */ = {isa = PBXBuildFile; fileRef = 86E703971D50DCC00012E3CB /* AppDelegate.swift */; };
		86E7039A1D50DCC00012E3CB /* ViewController.swift in Sources */ = {isa = PBXBuildFile; fileRef = 86E703991D50DCC00012E3CB /* ViewController.swift */; };
		86E7039D1D50DCC00012E3CB /* Main.storyboard in Resources */ = {isa = PBXBuildFile; fileRef = 86E7039B1D50DCC00012E3CB /* Main.storyboard */; };
		86E7039F1D50DCC00012E3CB /* Assets.xcassets in Resources */ = {isa = PBXBuildFile; fileRef = 86E7039E1D50DCC00012E3CB /* Assets.xcassets */; };
		86E703A21D50DCC00012E3CB /* LaunchScreen.storyboard in Resources */ = {isa = PBXBuildFile; fileRef = 86E703A01D50DCC00012E3CB /* LaunchScreen.storyboard */; };
/* End PBXBuildFile section */

/* Begin PBXFileReference section */
		86E703941D50DCBF0012E3CB /* myFavoriteBooks.app */ = {isa = PBXFileReference; explicitFileType = wrapper.application; includeInIndex = 0; path = myFavoriteBooks.app; sourceTree = BUILT_PRODUCTS_DIR; };
		86E703971D50DCC00012E3CB /* AppDelegate.swift */ = {isa = PBXFileReference; lastKnownFileType = sourcecode.swift; path = AppDelegate.swift; sourceTree = "<group>"; };
		86E703991D50DCC00012E3CB /* ViewController.swift */ = {isa = PBXFileReference; lastKnownFileType = sourcecode.swift; path = ViewController.swift; sourceTree = "<group>"; };
		86E7039C1D50DCC00012E3CB /* Base */ = {isa = PBXFileReference; lastKnownFileType = file.storyboard; name = Base; path = Base.lproj/Main.storyboard; sourceTree = "<group>"; };
		86E7039E1D50DCC00012E3CB /* Assets.xcassets */ = {isa = PBXFileReference; lastKnownFileType = folder.assetcatalog; path = Assets.xcassets; sourceTree = "<group>"; };
		86E703A11D50DCC00012E3CB /* Base */ = {isa = PBXFileReference; lastKnownFileType = file.storyboard; name = Base; path = Base.lproj/LaunchScreen.storyboard; sourceTree = "<group>"; };
		86E703A31D50DCC00012E3CB /* Info.plist */ = {isa = PBXFileReference; lastKnownFileType = text.plist.xml; path = Info.plist; sourceTree = "<group>"; };
/* End PBXFileReference section */

/* Begin PBXFrameworksBuildPhase section */
		86E703911D50DCBF0012E3CB /* Frameworks */ = {
			isa = PBXFrameworksBuildPhase;
			buildActionMask = 2147483647;
			files = (
			);
			runOnlyForDeploymentPostprocessing = 0;
		};
/* End PBXFrameworksBuildPhase section */

/* Begin PBXGroup section */
		86E7038B1D50DCBF0012E3CB = {
			isa = PBXGroup;
			children = (
				86E703961D50DCC00012E3CB /* myFavoriteBooks */,
				86E703951D50DCBF0012E3CB /* Products */,
			);
			sourceTree = "<group>";
		};
		86E703951D50DCBF0012E3CB /* Products */ = {
			isa = PBXGroup;
			children = (
				86E703941D50DCBF0012E3CB /* myFavoriteBooks.app */,
			);
			name = Products;
			sourceTree = "<group>";
		};
		86E703961D50DCC00012E3CB /* myFavoriteBooks */ = {
			isa = PBXGroup;
			children = (
				86E703971D50DCC00012E3CB /* AppDelegate.swift */,
				86E703991D50DCC00012E3CB /* ViewController.swift */,
				86E7039B1D50DCC00012E3CB /* Main.storyboard */,
				86E7039E1D50DCC00012E3CB /* Assets.xcassets */,
				86E703A01D50DCC00012E3CB /* LaunchScreen.storyboard */,
				86E703A31D50DCC00012E3CB /* Info.plist */,
			);
			path = myFavoriteBooks;
			sourceTree = "<group>";
		};
/* End PBXGroup section */

/* Begin PBXNativeTarget section */
		86E703931D50DCBF0012E3CB /* myFavoriteBooks */ = {
			isa = PBXNativeTarget;
			buildConfigurationList = 86E703A61D50DCC00012E3CB /* Build configuration list for PBXNativeTarget "myFavoriteBooks" */;
			buildPhases = (
				86E703901D50DCBF0012E3CB /* Sources */,
				86E703911D50DCBF0012E3CB /* Frameworks */,
				86E703921D50DCBF0012E3CB /* Resources */,
			);
			buildRules = (
			);
			dependencies = (
			);
			name = myFavoriteBooks;
			productName = myFavoriteBooks;
			productReference = 86E703941D50DCBF0012E3CB /* myFavoriteBooks.app */;
			productType = "com.apple.product-type.application";
		};
/* End PBXNativeTarget section */

/* Begin PBXProject section */
		86E7038C1D50DCBF0012E3CB /* Project object */ = {
			isa = PBXProject;
			attributes = {
				LastSwiftUpdateCheck = 0730;
				LastUpgradeCheck = 0730;
				ORGANIZATIONNAME = xadrijo;
				TargetAttributes = {
					86E703931D50DCBF0012E3CB = {
						CreatedOnToolsVersion = 7.3.1;
					};
				};
			};
			buildConfigurationList = 86E7038F1D50DCBF0012E3CB /* Build configuration list for PBXProject "myFavoriteBooks" */;
			compatibilityVersion = "Xcode 3.2";
			developmentRegion = English;
			hasScannedForEncodings = 0;
			knownRegions = (
				en,
				Base,
			);
			mainGroup = 86E7038B1D50DCBF0012E3CB;
			productRefGroup = 86E703951D50DCBF0012E3CB /* Products */;
			projectDirPath = "";
			projectRoot = "";
			targets = (
				86E703931D50DCBF0012E3CB /* myFavoriteBooks */,
			);
		};
/* End PBXProject section */

/* Begin PBXResourcesBuildPhase section */
		86E703921D50DCBF0012E3CB /* Resources */ = {
			isa = PBXResourcesBuildPhase;
			buildActionMask = 2147483647;
			files = (
				86E703A21D50DCC00012E3CB /* LaunchScreen.storyboard in Resources */,
				86E7039F1D50DCC00012E3CB /* Assets.xcassets in Resources */,
				86E7039D1D50DCC00012E3CB /* Main.storyboard in Resources */,
			);
			runOnlyForDeploymentPostprocessing = 0;
		};
/* End PBXResourcesBuildPhase section */

/* Begin PBXSourcesBuildPhase section */
		86E703901D50DCBF0012E3CB /* Sources */ = {
			isa = PBXSourcesBuildPhase;
			buildActionMask = 2147483647;
			files = (
				86E7039A1D50DCC00012E3CB /* ViewController.swift in Sources */,
				86E703981D50DCC00012E3CB /* AppDelegate.swift in Sources */,
			);
			runOnlyForDeploymentPostprocessing = 0;
		};
/* End PBXSourcesBuildPhase section */

/* Begin PBXVariantGroup section */
		86E7039B1D50DCC00012E3CB /* Main.storyboard */ = {
			isa = PBXVariantGroup;
			children = (
				86E7039C1D50DCC00012E3CB /* Base */,
			);
			name = Main.storyboard;
			sourceTree = "<group>";
		};
		86E703A01D50DCC00012E3CB /* LaunchScreen.storyboard */ = {
			isa = PBXVariantGroup;
			children = (
				86E703A11D50DCC00012E3CB /* Base */,
			);
			name = LaunchScreen.storyboard;
			sourceTree = "<group>";
		};
/* End PBXVariantGroup section */

/* Begin XCBuildConfiguration section */
		86E703A41D50DCC00012E3CB /* Debug */ = {
			isa = XCBuildConfiguration;
			buildSettings = {
				ALWAYS_SEARCH_USER_PATHS = NO;
				CLANG_ANALYZER_NONNULL = YES;
				CLANG_CXX_LANGUAGE_STANDARD = "gnu++0x";
				CLANG_CXX_LIBRARY = "libc++";
				CLANG_ENABLE_MODULES = YES;
				CLANG_ENABLE_OBJC_ARC = YES;
				CLANG_WARN_BOOL_CONVERSION = YES;
				CLANG_WARN_CONSTANT_CONVERSION = YES;
				CLANG_WARN_DIRECT_OBJC_ISA_USAGE = YES_ERROR;
				CLANG_WARN_EMPTY_BODY = YES;
				CLANG_WARN_ENUM_CONVERSION = YES;
				CLANG_WARN_INT_CONVERSION = YES;
				CLANG_WARN_OBJC_ROOT_CLASS = YES_ERROR;
				CLANG_WARN_UNREACHABLE_CODE = YES;
				CLANG_WARN__DUPLICATE_METHOD_MATCH = YES;
				"CODE_SIGN_IDENTITY[sdk=iphoneos*]" = "iPhone Developer";
				COPY_PHASE_STRIP = NO;
				DEBUG_INFORMATION_FORMAT = dwarf;
				ENABLE_STRICT_OBJC_MSGSEND = YES;
				ENABLE_TESTABILITY = YES;
				GCC_C_LANGUAGE_STANDARD = gnu99;
				GCC_DYNAMIC_NO_PIC = NO;
				GCC_NO_COMMON_BLOCKS = YES;
				GCC_OPTIMIZATION_LEVEL = 0;
				GCC_PREPROCESSOR_DEFINITIONS = (
					"DEBUG=1",
					"$(inherited)",
				);
				GCC_WARN_64_TO_32_BIT_CONVERSION = YES;
				GCC_WARN_ABOUT_RETURN_TYPE = YES_ERROR;
				GCC_WARN_UNDECLARED_SELECTOR = YES;
				GCC_WARN_UNINITIALIZED_AUTOS = YES_AGGRESSIVE;
				GCC_WARN_UNUSED_FUNCTION = YES;
				GCC_WARN_UNUSED_VARIABLE = YES;
				IPHONEOS_DEPLOYMENT_TARGET = 9.3;
				MTL_ENABLE_DEBUG_INFO = YES;
				ONLY_ACTIVE_ARCH = YES;
				SDKROOT = iphoneos;
				SWIFT_OPTIMIZATION_LEVEL = "-Onone";
			};
			name = Debug;
		};
		86E703A51D50DCC00012E3CB /* Release */ = {
			isa = XCBuildConfiguration;
			buildSettings = {
				ALWAYS_SEARCH_USER_PATHS = NO;
				CLANG_ANALYZER_NONNULL = YES;
				CLANG_CXX_LANGUAGE_STANDARD = "gnu++0x";
				CLANG_CXX_LIBRARY = "libc++";
				CLANG_ENABLE_MODULES = YES;
				CLANG_ENABLE_OBJC_ARC = YES;
				CLANG_WARN_BOOL_CONVERSION = YES;
				CLANG_WARN_CONSTANT_CONVERSION = YES;
				CLANG_WARN_DIRECT_OBJC_ISA_USAGE = YES_ERROR;
				CLANG_WARN_EMPTY_BODY = YES;
				CLANG_WARN_ENUM_CONVERSION = YES;
				CLANG_WARN_INT_CONVERSION = YES;
				CLANG_WARN_OBJC_ROOT_CLASS = YES_ERROR;
				CLANG_WARN_UNREACHABLE_CODE = YES;
				CLANG_WARN__DUPLICATE_METHOD_MATCH = YES;
				"CODE_SIGN_IDENTITY[sdk=iphoneos*]" = "iPhone Developer";
				COPY_PHASE_STRIP = NO;
				DEBUG_INFORMATION_FORMAT = "dwarf-with-dsym";
				ENABLE_NS_ASSERTIONS = NO;
				ENABLE_STRICT_OBJC_MSGSEND = YES;
				GCC_C_LANGUAGE_STANDARD = gnu99;
				GCC_NO_COMMON_BLOCKS = YES;
				GCC_WARN_64_TO_32_BIT_CONVERSION = YES;
				GCC_WARN_ABOUT_RETURN_TYPE = YES_ERROR;
				GCC_WARN_UNDECLARED_SELECTOR = YES;
				GCC_WARN_UNINITIALIZED_AUTOS = YES_AGGRESSIVE;
				GCC_WARN_UNUSED_FUNCTION = YES;
				GCC_WARN_UNUSED_VARIABLE = YES;
				IPHONEOS_DEPLOYMENT_TARGET = 9.3;
				MTL_ENABLE_DEBUG_INFO = NO;
				SDKROOT = iphoneos;
				VALIDATE_PRODUCT = YES;
			};
			name = Release;
		};
		86E703A71D50DCC00012E3CB /* Debug */ = {
			isa = XCBuildConfiguration;
			buildSettings = {
				ASSETCATALOG_COMPILER_APPICON_NAME = AppIcon;
				INFOPLIST_FILE = myFavoriteBooks/Info.plist;
				LD_RUNPATH_SEARCH_PATHS = "$(inherited) @executable_path/Frameworks";
				PRODUCT_BUNDLE_IDENTIFIER = net.styde.myFavoriteBooks;
				PRODUCT_NAME = "$(TARGET_NAME)";
			};
			name = Debug;
		};
		86E703A81D50DCC00012E3CB /* Release */ = {
			isa = XCBuildConfiguration;
			buildSettings = {
				ASSETCATALOG_COMPILER_APPICON_NAME = AppIcon;
				INFOPLIST_FILE = myFavoriteBooks/Info.plist;
				LD_RUNPATH_SEARCH_PATHS = "$(inherited) @executable_path/Frameworks";
				PRODUCT_BUNDLE_IDENTIFIER = net.styde.myFavoriteBooks;
				PRODUCT_NAME = "$(TARGET_NAME)";
			};
			name = Release;
		};
/* End XCBuildConfiguration section */

/* Begin XCConfigurationList section */
		86E7038F1D50DCBF0012E3CB /* Build configuration list for PBXProject "myFavoriteBooks" */ = {
			isa = XCConfigurationList;
			buildConfigurations = (
				86E703A41D50DCC00012E3CB /* Debug */,
				86E703A51D50DCC00012E3CB /* Release */,
			);
			defaultConfigurationIsVisible = 0;
			defaultConfigurationName = Release;
		};
		86E703A61D50DCC00012E3CB /* Build configuration list for PBXNativeTarget "myFavoriteBooks" */ = {
			isa = XCConfigurationList;
			buildConfigurations = (
				86E703A71D50DCC00012E3CB /* Debug */,
				86E703A81D50DCC00012E3CB /* Release */,
			);
			defaultConfigurationIsVisible = 0;
		};
/* End XCConfigurationList section */
	};
	rootObject = 86E7038C1D50DCBF0012E3CB /* Project object */;
}
