// !$*UTF8*$!
{
	archiveVersion = 1;
	classes = {
	};
	objectVersion = 46;
	objects = {

/* Begin PBXBuildFile section */
		861C3EF41D0862F7003EE5CC /* AppDelegate.swift in Sources */ = {isa = PBXBuildFile; fileRef = 861C3EF31D0862F7003EE5CC /* AppDelegate.swift */; };
		861C3EF61D0862F7003EE5CC /* ViewController.swift in Sources */ = {isa = PBXBuildFile; fileRef = 861C3EF51D0862F7003EE5CC /* ViewController.swift */; };
		861C3EF91D0862F7003EE5CC /* Main.storyboard in Resources */ = {isa = PBXBuildFile; fileRef = 861C3EF71D0862F7003EE5CC /* Main.storyboard */; };
		861C3EFB1D0862F7003EE5CC /* Assets.xcassets in Resources */ = {isa = PBXBuildFile; fileRef = 861C3EFA1D0862F7003EE5CC /* Assets.xcassets */; };
		861C3EFE1D0862F7003EE5CC /* LaunchScreen.storyboard in Resources */ = {isa = PBXBuildFile; fileRef = 861C3EFC1D0862F7003EE5CC /* LaunchScreen.storyboard */; };
/* End PBXBuildFile section */

/* Begin PBXFileReference section */
		861C3EF01D0862F7003EE5CC /* Motivate.app */ = {isa = PBXFileReference; explicitFileType = wrapper.application; includeInIndex = 0; path = Motivate.app; sourceTree = BUILT_PRODUCTS_DIR; };
		861C3EF31D0862F7003EE5CC /* AppDelegate.swift */ = {isa = PBXFileReference; lastKnownFileType = sourcecode.swift; path = AppDelegate.swift; sourceTree = "<group>"; };
		861C3EF51D0862F7003EE5CC /* ViewController.swift */ = {isa = PBXFileReference; lastKnownFileType = sourcecode.swift; path = ViewController.swift; sourceTree = "<group>"; };
		861C3EF81D0862F7003EE5CC /* Base */ = {isa = PBXFileReference; lastKnownFileType = file.storyboard; name = Base; path = Base.lproj/Main.storyboard; sourceTree = "<group>"; };
		861C3EFA1D0862F7003EE5CC /* Assets.xcassets */ = {isa = PBXFileReference; lastKnownFileType = folder.assetcatalog; path = Assets.xcassets; sourceTree = "<group>"; };
		861C3EFD1D0862F7003EE5CC /* Base */ = {isa = PBXFileReference; lastKnownFileType = file.storyboard; name = Base; path = Base.lproj/LaunchScreen.storyboard; sourceTree = "<group>"; };
		861C3EFF1D0862F7003EE5CC /* Info.plist */ = {isa = PBXFileReference; lastKnownFileType = text.plist.xml; path = Info.plist; sourceTree = "<group>"; };
/* End PBXFileReference section */

/* Begin PBXFrameworksBuildPhase section */
		861C3EED1D0862F7003EE5CC /* Frameworks */ = {
			isa = PBXFrameworksBuildPhase;
			buildActionMask = 2147483647;
			files = (
			);
			runOnlyForDeploymentPostprocessing = 0;
		};
/* End PBXFrameworksBuildPhase section */

/* Begin PBXGroup section */
		861C3EE71D0862F7003EE5CC = {
			isa = PBXGroup;
			children = (
				861C3EF21D0862F7003EE5CC /* Motivate */,
				861C3EF11D0862F7003EE5CC /* Products */,
			);
			sourceTree = "<group>";
		};
		861C3EF11D0862F7003EE5CC /* Products */ = {
			isa = PBXGroup;
			children = (
				861C3EF01D0862F7003EE5CC /* Motivate.app */,
			);
			name = Products;
			sourceTree = "<group>";
		};
		861C3EF21D0862F7003EE5CC /* Motivate */ = {
			isa = PBXGroup;
			children = (
				861C3EF31D0862F7003EE5CC /* AppDelegate.swift */,
				861C3EF51D0862F7003EE5CC /* ViewController.swift */,
				861C3EF71D0862F7003EE5CC /* Main.storyboard */,
				861C3EFA1D0862F7003EE5CC /* Assets.xcassets */,
				861C3EFC1D0862F7003EE5CC /* LaunchScreen.storyboard */,
				861C3EFF1D0862F7003EE5CC /* Info.plist */,
			);
			path = Motivate;
			sourceTree = "<group>";
		};
/* End PBXGroup section */

/* Begin PBXNativeTarget section */
		861C3EEF1D0862F7003EE5CC /* Motivate */ = {
			isa = PBXNativeTarget;
			buildConfigurationList = 861C3F021D0862F7003EE5CC /* Build configuration list for PBXNativeTarget "Motivate" */;
			buildPhases = (
				861C3EEC1D0862F7003EE5CC /* Sources */,
				861C3EED1D0862F7003EE5CC /* Frameworks */,
				861C3EEE1D0862F7003EE5CC /* Resources */,
			);
			buildRules = (
			);
			dependencies = (
			);
			name = Motivate;
			productName = Motivate;
			productReference = 861C3EF01D0862F7003EE5CC /* Motivate.app */;
			productType = "com.apple.product-type.application";
		};
/* End PBXNativeTarget section */

/* Begin PBXProject section */
		861C3EE81D0862F7003EE5CC /* Project object */ = {
			isa = PBXProject;
			attributes = {
				LastSwiftUpdateCheck = 0730;
				LastUpgradeCheck = 0730;
				ORGANIZATIONNAME = Styde;
				TargetAttributes = {
					861C3EEF1D0862F7003EE5CC = {
						CreatedOnToolsVersion = 7.3.1;
					};
				};
			};
			buildConfigurationList = 861C3EEB1D0862F7003EE5CC /* Build configuration list for PBXProject "Motivate" */;
			compatibilityVersion = "Xcode 3.2";
			developmentRegion = English;
			hasScannedForEncodings = 0;
			knownRegions = (
				en,
				Base,
			);
			mainGroup = 861C3EE71D0862F7003EE5CC;
			productRefGroup = 861C3EF11D0862F7003EE5CC /* Products */;
			projectDirPath = "";
			projectRoot = "";
			targets = (
				861C3EEF1D0862F7003EE5CC /* Motivate */,
			);
		};
/* End PBXProject section */

/* Begin PBXResourcesBuildPhase section */
		861C3EEE1D0862F7003EE5CC /* Resources */ = {
			isa = PBXResourcesBuildPhase;
			buildActionMask = 2147483647;
			files = (
				861C3EFE1D0862F7003EE5CC /* LaunchScreen.storyboard in Resources */,
				861C3EFB1D0862F7003EE5CC /* Assets.xcassets in Resources */,
				861C3EF91D0862F7003EE5CC /* Main.storyboard in Resources */,
			);
			runOnlyForDeploymentPostprocessing = 0;
		};
/* End PBXResourcesBuildPhase section */

/* Begin PBXSourcesBuildPhase section */
		861C3EEC1D0862F7003EE5CC /* Sources */ = {
			isa = PBXSourcesBuildPhase;
			buildActionMask = 2147483647;
			files = (
				861C3EF61D0862F7003EE5CC /* ViewController.swift in Sources */,
				861C3EF41D0862F7003EE5CC /* AppDelegate.swift in Sources */,
			);
			runOnlyForDeploymentPostprocessing = 0;
		};
/* End PBXSourcesBuildPhase section */

/* Begin PBXVariantGroup section */
		861C3EF71D0862F7003EE5CC /* Main.storyboard */ = {
			isa = PBXVariantGroup;
			children = (
				861C3EF81D0862F7003EE5CC /* Base */,
			);
			name = Main.storyboard;
			sourceTree = "<group>";
		};
		861C3EFC1D0862F7003EE5CC /* LaunchScreen.storyboard */ = {
			isa = PBXVariantGroup;
			children = (
				861C3EFD1D0862F7003EE5CC /* Base */,
			);
			name = LaunchScreen.storyboard;
			sourceTree = "<group>";
		};
/* End PBXVariantGroup section */

/* Begin XCBuildConfiguration section */
		861C3F001D0862F7003EE5CC /* Debug */ = {
			isa = XCBuildConfiguration;
			buildSettings = {
				ALWAYS_SEARCH_USER_PATHS = NO;
				CLANG_ANALYZER_NONNULL = YES;
				CLANG_CXX_LANGUAGE_STANDARD = "gnu++0x";
				CLANG_CXX_LIBRARY = "libc++";
				CLANG_ENABLE_MODULES = YES;
				CLANG_ENABLE_OBJC_ARC = YES;
				CLANG_WARN_BOOL_CONVERSION = YES;
				CLANG_WARN_CONSTANT_CONVERSION = YES;
				CLANG_WARN_DIRECT_OBJC_ISA_USAGE = YES_ERROR;
				CLANG_WARN_EMPTY_BODY = YES;
				CLANG_WARN_ENUM_CONVERSION = YES;
				CLANG_WARN_INT_CONVERSION = YES;
				CLANG_WARN_OBJC_ROOT_CLASS = YES_ERROR;
				CLANG_WARN_UNREACHABLE_CODE = YES;
				CLANG_WARN__DUPLICATE_METHOD_MATCH = YES;
				"CODE_SIGN_IDENTITY[sdk=iphoneos*]" = "iPhone Developer";
				COPY_PHASE_STRIP = NO;
				DEBUG_INFORMATION_FORMAT = dwarf;
				ENABLE_STRICT_OBJC_MSGSEND = YES;
				ENABLE_TESTABILITY = YES;
				GCC_C_LANGUAGE_STANDARD = gnu99;
				GCC_DYNAMIC_NO_PIC = NO;
				GCC_NO_COMMON_BLOCKS = YES;
				GCC_OPTIMIZATION_LEVEL = 0;
				GCC_PREPROCESSOR_DEFINITIONS = (
					"DEBUG=1",
					"$(inherited)",
				);
				GCC_WARN_64_TO_32_BIT_CONVERSION = YES;
				GCC_WARN_ABOUT_RETURN_TYPE = YES_ERROR;
				GCC_WARN_UNDECLARED_SELECTOR = YES;
				GCC_WARN_UNINITIALIZED_AUTOS = YES_AGGRESSIVE;
				GCC_WARN_UNUSED_FUNCTION = YES;
				GCC_WARN_UNUSED_VARIABLE = YES;
				IPHONEOS_DEPLOYMENT_TARGET = 9.3;
				MTL_ENABLE_DEBUG_INFO = YES;
				ONLY_ACTIVE_ARCH = YES;
				SDKROOT = iphoneos;
				SWIFT_OPTIMIZATION_LEVEL = "-Onone";
			};
			name = Debug;
		};
		861C3F011D0862F7003EE5CC /* Release */ = {
			isa = XCBuildConfiguration;
			buildSettings = {
				ALWAYS_SEARCH_USER_PATHS = NO;
				CLANG_ANALYZER_NONNULL = YES;
				CLANG_CXX_LANGUAGE_STANDARD = "gnu++0x";
				CLANG_CXX_LIBRARY = "libc++";
				CLANG_ENABLE_MODULES = YES;
				CLANG_ENABLE_OBJC_ARC = YES;
				CLANG_WARN_BOOL_CONVERSION = YES;
				CLANG_WARN_CONSTANT_CONVERSION = YES;
				CLANG_WARN_DIRECT_OBJC_ISA_USAGE = YES_ERROR;
				CLANG_WARN_EMPTY_BODY = YES;
				CLANG_WARN_ENUM_CONVERSION = YES;
				CLANG_WARN_INT_CONVERSION = YES;
				CLANG_WARN_OBJC_ROOT_CLASS = YES_ERROR;
				CLANG_WARN_UNREACHABLE_CODE = YES;
				CLANG_WARN__DUPLICATE_METHOD_MATCH = YES;
				"CODE_SIGN_IDENTITY[sdk=iphoneos*]" = "iPhone Developer";
				COPY_PHASE_STRIP = NO;
				DEBUG_INFORMATION_FORMAT = "dwarf-with-dsym";
				ENABLE_NS_ASSERTIONS = NO;
				ENABLE_STRICT_OBJC_MSGSEND = YES;
				GCC_C_LANGUAGE_STANDARD = gnu99;
				GCC_NO_COMMON_BLOCKS = YES;
				GCC_WARN_64_TO_32_BIT_CONVERSION = YES;
				GCC_WARN_ABOUT_RETURN_TYPE = YES_ERROR;
				GCC_WARN_UNDECLARED_SELECTOR = YES;
				GCC_WARN_UNINITIALIZED_AUTOS = YES_AGGRESSIVE;
				GCC_WARN_UNUSED_FUNCTION = YES;
				GCC_WARN_UNUSED_VARIABLE = YES;
				IPHONEOS_DEPLOYMENT_TARGET = 9.3;
				MTL_ENABLE_DEBUG_INFO = NO;
				SDKROOT = iphoneos;
				VALIDATE_PRODUCT = YES;
			};
			name = Release;
		};
		861C3F031D0862F7003EE5CC /* Debug */ = {
			isa = XCBuildConfiguration;
			buildSettings = {
				ASSETCATALOG_COMPILER_APPICON_NAME = AppIcon;
				INFOPLIST_FILE = Motivate/Info.plist;
				LD_RUNPATH_SEARCH_PATHS = "$(inherited) @executable_path/Frameworks";
				PRODUCT_BUNDLE_IDENTIFIER = net.styde.Motivate;
				PRODUCT_NAME = "$(TARGET_NAME)";
			};
			name = Debug;
		};
		861C3F041D0862F7003EE5CC /* Release */ = {
			isa = XCBuildConfiguration;
			buildSettings = {
				ASSETCATALOG_COMPILER_APPICON_NAME = AppIcon;
				INFOPLIST_FILE = Motivate/Info.plist;
				LD_RUNPATH_SEARCH_PATHS = "$(inherited) @executable_path/Frameworks";
				PRODUCT_BUNDLE_IDENTIFIER = net.styde.Motivate;
				PRODUCT_NAME = "$(TARGET_NAME)";
			};
			name = Release;
		};
/* End XCBuildConfiguration section */

/* Begin XCConfigurationList section */
		861C3EEB1D0862F7003EE5CC /* Build configuration list for PBXProject "Motivate" */ = {
			isa = XCConfigurationList;
			buildConfigurations = (
				861C3F001D0862F7003EE5CC /* Debug */,
				861C3F011D0862F7003EE5CC /* Release */,
			);
			defaultConfigurationIsVisible = 0;
			defaultConfigurationName = Release;
		};
		861C3F021D0862F7003EE5CC /* Build configuration list for PBXNativeTarget "Motivate" */ = {
			isa = XCConfigurationList;
			buildConfigurations = (
				861C3F031D0862F7003EE5CC /* Debug */,
				861C3F041D0862F7003EE5CC /* Release */,
			);
			defaultConfigurationIsVisible = 0;
		};
/* End XCConfigurationList section */
	};
	rootObject = 861C3EE81D0862F7003EE5CC /* Project object */;
}
